
Microsoft Visual Studio Solution File, Format Version 12.00
# Visual Studio 2012
Project("{FAE04EC0-301F-11D3-BF4B-00C04F79EFBC}") = "XamarinLab", "XamarinLab\XamarinLab.csproj", "{768F171A-BDF6-47B5-8FCD-4333AC29F92E}"
EndProject
Project("{FAE04EC0-301F-11D3-BF4B-00C04F79EFBC}") = "XamarinLab.Droid", "Droid\XamarinLab.Droid.csproj", "{457222C6-966A-4150-900D-5B27CD6C61C3}"
EndProject
Project("{FAE04EC0-301F-11D3-BF4B-00C04F79EFBC}") = "XamarinLab.iOS", "iOS\XamarinLab.iOS.csproj", "{3E39FF69-9795-44BB-9DFD-B4A05C9C34C1}"
EndProject
Project("{FAE04EC0-301F-11D3-BF4B-00C04F79EFBC}") = "XamarinLab.UITests", "UITests\XamarinLab.UITests.csproj", "{76DFAF87-CB73-4123-8D23-DE913216FD76}"
EndProject
Global
	GlobalSection(SolutionConfigurationPlatforms) = preSolution
		Debug|Any CPU = Debug|Any CPU
		Release|Any CPU = Release|Any CPU
		Debug|iPhoneSimulator = Debug|iPhoneSimulator
		Release|iPhone = Release|iPhone
		Release|iPhoneSimulator = Release|iPhoneSimulator
		Debug|iPhone = Debug|iPhone
	EndGlobalSection
	GlobalSection(ProjectConfigurationPlatforms) = postSolution
		{768F171A-BDF6-47B5-8FCD-4333AC29F92E}.Debug|Any CPU.ActiveCfg = Debug|Any CPU
		{768F171A-BDF6-47B5-8FCD-4333AC29F92E}.Debug|Any CPU.Build.0 = Debug|Any CPU
		{768F171A-BDF6-47B5-8FCD-4333AC29F92E}.Release|Any CPU.ActiveCfg = Release|Any CPU
		{768F171A-BDF6-47B5-8FCD-4333AC29F92E}.Release|Any CPU.Build.0 = Release|Any CPU
		{768F171A-BDF6-47B5-8FCD-4333AC29F92E}.Debug|iPhoneSimulator.ActiveCfg = Debug|Any CPU
		{768F171A-BDF6-47B5-8FCD-4333AC29F92E}.Debug|iPhoneSimulator.Build.0 = Debug|Any CPU
		{768F171A-BDF6-47B5-8FCD-4333AC29F92E}.Release|iPhone.ActiveCfg = Release|Any CPU
		{768F171A-BDF6-47B5-8FCD-4333AC29F92E}.Release|iPhone.Build.0 = Release|Any CPU
		{768F171A-BDF6-47B5-8FCD-4333AC29F92E}.Release|iPhoneSimulator.ActiveCfg = Release|Any CPU
		{768F171A-BDF6-47B5-8FCD-4333AC29F92E}.Release|iPhoneSimulator.Build.0 = Release|Any CPU
		{768F171A-BDF6-47B5-8FCD-4333AC29F92E}.Debug|iPhone.ActiveCfg = Debug|Any CPU
		{768F171A-BDF6-47B5-8FCD-4333AC29F92E}.Debug|iPhone.Build.0 = Debug|Any CPU
		{457222C6-966A-4150-900D-5B27CD6C61C3}.Debug|Any CPU.ActiveCfg = Debug|Any CPU
		{457222C6-966A-4150-900D-5B27CD6C61C3}.Debug|Any CPU.Build.0 = Debug|Any CPU
		{457222C6-966A-4150-900D-5B27CD6C61C3}.Release|Any CPU.ActiveCfg = Release|Any CPU
		{457222C6-966A-4150-900D-5B27CD6C61C3}.Release|Any CPU.Build.0 = Release|Any CPU
		{457222C6-966A-4150-900D-5B27CD6C61C3}.Debug|iPhoneSimulator.ActiveCfg = Debug|Any CPU
		{457222C6-966A-4150-900D-5B27CD6C61C3}.Debug|iPhoneSimulator.Build.0 = Debug|Any CPU
		{457222C6-966A-4150-900D-5B27CD6C61C3}.Release|iPhone.ActiveCfg = Release|Any CPU
		{457222C6-966A-4150-900D-5B27CD6C61C3}.Release|iPhone.Build.0 = Release|Any CPU
		{457222C6-966A-4150-900D-5B27CD6C61C3}.Release|iPhoneSimulator.ActiveCfg = Release|Any CPU
		{457222C6-966A-4150-900D-5B27CD6C61C3}.Release|iPhoneSimulator.Build.0 = Release|Any CPU
		{457222C6-966A-4150-900D-5B27CD6C61C3}.Debug|iPhone.ActiveCfg = Debug|Any CPU
		{457222C6-966A-4150-900D-5B27CD6C61C3}.Debug|iPhone.Build.0 = Debug|Any CPU
		{3E39FF69-9795-44BB-9DFD-B4A05C9C34C1}.Debug|Any CPU.ActiveCfg = Debug|iPhoneSimulator
		{3E39FF69-9795-44BB-9DFD-B4A05C9C34C1}.Debug|Any CPU.Build.0 = Debug|iPhoneSimulator
		{3E39FF69-9795-44BB-9DFD-B4A05C9C34C1}.Release|Any CPU.ActiveCfg = Release|iPhone
		{3E39FF69-9795-44BB-9DFD-B4A05C9C34C1}.Release|Any CPU.Build.0 = Release|iPhone
		{3E39FF69-9795-44BB-9DFD-B4A05C9C34C1}.Debug|iPhoneSimulator.ActiveCfg = Debug|iPhoneSimulator
		{3E39FF69-9795-44BB-9DFD-B4A05C9C34C1}.Debug|iPhoneSimulator.Build.0 = Debug|iPhoneSimulator
		{3E39FF69-9795-44BB-9DFD-B4A05C9C34C1}.Release|iPhone.ActiveCfg = Release|iPhone
		{3E39FF69-9795-44BB-9DFD-B4A05C9C34C1}.Release|iPhone.Build.0 = Release|iPhone
		{3E39FF69-9795-44BB-9DFD-B4A05C9C34C1}.Release|iPhoneSimulator.ActiveCfg = Release|iPhoneSimulator
		{3E39FF69-9795-44BB-9DFD-B4A05C9C34C1}.Release|iPhoneSimulator.Build.0 = Release|iPhoneSimulator
		{3E39FF69-9795-44BB-9DFD-B4A05C9C34C1}.Debug|iPhone.ActiveCfg = Debug|iPhone
		{3E39FF69-9795-44BB-9DFD-B4A05C9C34C1}.Debug|iPhone.Build.0 = Debug|iPhone
		{76DFAF87-CB73-4123-8D23-DE913216FD76}.Debug|Any CPU.ActiveCfg = Debug|Any CPU
		{76DFAF87-CB73-4123-8D23-DE913216FD76}.Debug|Any CPU.Build.0 = Debug|Any CPU
		{76DFAF87-CB73-4123-8D23-DE913216FD76}.Release|Any CPU.ActiveCfg = Release|Any CPU
		{76DFAF87-CB73-4123-8D23-DE913216FD76}.Release|Any CPU.Build.0 = Release|Any CPU
		{76DFAF87-CB73-4123-8D23-DE913216FD76}.Debug|iPhoneSimulator.ActiveCfg = Debug|Any CPU
		{76DFAF87-CB73-4123-8D23-DE913216FD76}.Debug|iPhoneSimulator.Build.0 = Debug|Any CPU
		{76DFAF87-CB73-4123-8D23-DE913216FD76}.Release|iPhone.ActiveCfg = Release|Any CPU
		{76DFAF87-CB73-4123-8D23-DE913216FD76}.Release|iPhone.Build.0 = Release|Any CPU
		{76DFAF87-CB73-4123-8D23-DE913216FD76}.Release|iPhoneSimulator.ActiveCfg = Release|Any CPU
		{76DFAF87-CB73-4123-8D23-DE913216FD76}.Release|iPhoneSimulator.Build.0 = Release|Any CPU
		{76DFAF87-CB73-4123-8D23-DE913216FD76}.Debug|iPhone.ActiveCfg = Debug|Any CPU
		{76DFAF87-CB73-4123-8D23-DE913216FD76}.Debug|iPhone.Build.0 = Debug|Any CPU
	EndGlobalSection
EndGlobal
